
Microsoft Visual Studio Solution File, Format Version 12.00
# Visual Studio 2012
Project("{FAE04EC0-301F-11D3-BF4B-00C04F79EFBC}") = "Project Structure", "Project Structure\Project Structure.csproj", "{1F3E43A9-008E-43D2-A72B-8F801E9D8065}"
EndProject
Project("{FAE04EC0-301F-11D3-BF4B-00C04F79EFBC}") = "Sample", "Sample\Sample.csproj", "{FC96D432-C737-492F-8187-D704E85933AF}"
EndProject
Project("{2150E333-8FDC-42A3-9474-1A3956D46DE8}") = "Examples", "Examples", "{7B8F1AE8-1834-4C25-830F-459D3A9DB45D}"
EndProject
Project("{FAE04EC0-301F-11D3-BF4B-00C04F79EFBC}") = "Project Structure Tests", "Project Structure Tests\Project Structure Tests.csproj", "{CFBA6077-2FEE-4F1F-9965-3E27A879A645}"
EndProject
Global
	GlobalSection(SolutionConfigurationPlatforms) = preSolution
		Debug|Any CPU = Debug|Any CPU
		Debug|x86 = Debug|x86
		Release|Any CPU = Release|Any CPU
		Release|x86 = Release|x86
	EndGlobalSection
	GlobalSection(ProjectConfigurationPlatforms) = postSolution
		{1F3E43A9-008E-43D2-A72B-8F801E9D8065}.Debug|Any CPU.ActiveCfg = Debug|Any CPU
		{1F3E43A9-008E-43D2-A72B-8F801E9D8065}.Debug|Any CPU.Build.0 = Debug|Any CPU
		{1F3E43A9-008E-43D2-A72B-8F801E9D8065}.Debug|x86.ActiveCfg = Debug|x86
		{1F3E43A9-008E-43D2-A72B-8F801E9D8065}.Debug|x86.Build.0 = Debug|x86
		{1F3E43A9-008E-43D2-A72B-8F801E9D8065}.Release|Any CPU.ActiveCfg = Release|Any CPU
		{1F3E43A9-008E-43D2-A72B-8F801E9D8065}.Release|Any CPU.Build.0 = Release|Any CPU
		{1F3E43A9-008E-43D2-A72B-8F801E9D8065}.Release|x86.ActiveCfg = Release|x86
		{1F3E43A9-008E-43D2-A72B-8F801E9D8065}.Release|x86.Build.0 = Release|x86
		{FC96D432-C737-492F-8187-D704E85933AF}.Debug|Any CPU.ActiveCfg = Debug|Any CPU
		{FC96D432-C737-492F-8187-D704E85933AF}.Debug|Any CPU.Build.0 = Debug|Any CPU
		{FC96D432-C737-492F-8187-D704E85933AF}.Debug|x86.ActiveCfg = Debug|x86
		{FC96D432-C737-492F-8187-D704E85933AF}.Debug|x86.Build.0 = Debug|x86
		{FC96D432-C737-492F-8187-D704E85933AF}.Release|Any CPU.ActiveCfg = Release|Any CPU
		{FC96D432-C737-492F-8187-D704E85933AF}.Release|Any CPU.Build.0 = Release|Any CPU
		{FC96D432-C737-492F-8187-D704E85933AF}.Release|x86.ActiveCfg = Release|x86
		{FC96D432-C737-492F-8187-D704E85933AF}.Release|x86.Build.0 = Release|x86
		{CFBA6077-2FEE-4F1F-9965-3E27A879A645}.Debug|Any CPU.ActiveCfg = Debug|Any CPU
		{CFBA6077-2FEE-4F1F-9965-3E27A879A645}.Debug|Any CPU.Build.0 = Debug|Any CPU
		{CFBA6077-2FEE-4F1F-9965-3E27A879A645}.Debug|x86.ActiveCfg = Debug|Any CPU
		{CFBA6077-2FEE-4F1F-9965-3E27A879A645}.Release|Any CPU.ActiveCfg = Release|Any CPU
		{CFBA6077-2FEE-4F1F-9965-3E27A879A645}.Release|Any CPU.Build.0 = Release|Any CPU
		{CFBA6077-2FEE-4F1F-9965-3E27A879A645}.Release|x86.ActiveCfg = Release|Any CPU
	EndGlobalSection
	GlobalSection(SolutionProperties) = preSolution
		HideSolutionNode = FALSE
	EndGlobalSection
	GlobalSection(NestedProjects) = preSolution
		{FC96D432-C737-492F-8187-D704E85933AF} = {7B8F1AE8-1834-4C25-830F-459D3A9DB45D}
	EndGlobalSection
EndGlobal
